
Microsoft Visual Studio Solution File, Format Version 12.00
# Visual Studio 2012
Project("{FAE04EC0-301F-11D3-BF4B-00C04F79EFBC}") = "WebApp", "WebApp\WebApp.csproj", "{13D33786-8FD4-4230-8BC8-1C03DA686402}"
EndProject
Project("{FAE04EC0-301F-11D3-BF4B-00C04F79EFBC}") = "WebApp.Tests", "WebApp.Tests\WebApp.Tests.csproj", "{9D88F64E-3094-4D71-9C2E-4E5C81967A71}"
EndProject
Project("{FAE04EC0-301F-11D3-BF4B-00C04F79EFBC}") = "AR2AP.BLL", "AR2AP.BLL\AR2AP.BLL.csproj", "{C020422C-A45E-45CB-B443-E2F70132262A}"
EndProject
Project("{FAE04EC0-301F-11D3-BF4B-00C04F79EFBC}") = "AR2AP.Service", "AR2AP.Service\AR2AP.Service.csproj", "{54D5CCCB-303D-49D7-B616-BA6FD1A2CF79}"
EndProject
Project("{FAE04EC0-301F-11D3-BF4B-00C04F79EFBC}") = "AR2AP.Utility", "AR2AP.Utility\AR2AP.Utility.csproj", "{E6333DCA-62E0-4950-9464-7716596D9816}"
EndProject
Global
	GlobalSection(SolutionConfigurationPlatforms) = preSolution
		Debug|Any CPU = Debug|Any CPU
		Release|Any CPU = Release|Any CPU
	EndGlobalSection
	GlobalSection(ProjectConfigurationPlatforms) = postSolution
		{13D33786-8FD4-4230-8BC8-1C03DA686402}.Debug|Any CPU.ActiveCfg = Debug|Any CPU
		{13D33786-8FD4-4230-8BC8-1C03DA686402}.Debug|Any CPU.Build.0 = Debug|Any CPU
		{13D33786-8FD4-4230-8BC8-1C03DA686402}.Release|Any CPU.ActiveCfg = Release|Any CPU
		{13D33786-8FD4-4230-8BC8-1C03DA686402}.Release|Any CPU.Build.0 = Release|Any CPU
		{9D88F64E-3094-4D71-9C2E-4E5C81967A71}.Debug|Any CPU.ActiveCfg = Debug|Any CPU
		{9D88F64E-3094-4D71-9C2E-4E5C81967A71}.Debug|Any CPU.Build.0 = Debug|Any CPU
		{9D88F64E-3094-4D71-9C2E-4E5C81967A71}.Release|Any CPU.ActiveCfg = Release|Any CPU
		{9D88F64E-3094-4D71-9C2E-4E5C81967A71}.Release|Any CPU.Build.0 = Release|Any CPU
		{C020422C-A45E-45CB-B443-E2F70132262A}.Debug|Any CPU.ActiveCfg = Debug|Any CPU
		{C020422C-A45E-45CB-B443-E2F70132262A}.Debug|Any CPU.Build.0 = Debug|Any CPU
		{C020422C-A45E-45CB-B443-E2F70132262A}.Release|Any CPU.ActiveCfg = Release|Any CPU
		{C020422C-A45E-45CB-B443-E2F70132262A}.Release|Any CPU.Build.0 = Release|Any CPU
		{54D5CCCB-303D-49D7-B616-BA6FD1A2CF79}.Debug|Any CPU.ActiveCfg = Debug|Any CPU
		{54D5CCCB-303D-49D7-B616-BA6FD1A2CF79}.Debug|Any CPU.Build.0 = Debug|Any CPU
		{54D5CCCB-303D-49D7-B616-BA6FD1A2CF79}.Release|Any CPU.ActiveCfg = Release|Any CPU
		{54D5CCCB-303D-49D7-B616-BA6FD1A2CF79}.Release|Any CPU.Build.0 = Release|Any CPU
		{E6333DCA-62E0-4950-9464-7716596D9816}.Debug|Any CPU.ActiveCfg = Debug|Any CPU
		{E6333DCA-62E0-4950-9464-7716596D9816}.Debug|Any CPU.Build.0 = Debug|Any CPU
		{E6333DCA-62E0-4950-9464-7716596D9816}.Release|Any CPU.ActiveCfg = Release|Any CPU
		{E6333DCA-62E0-4950-9464-7716596D9816}.Release|Any CPU.Build.0 = Release|Any CPU
	EndGlobalSection
	GlobalSection(SolutionProperties) = preSolution
		HideSolutionNode = FALSE
	EndGlobalSection
EndGlobal
